// !$*UTF8*$!
{
	archiveVersion = 1;
	classes = {
	};
	objectVersion = 55;
	objects = {

/* Begin PBXBuildFile section */
		7F98D60F289024FD004F0F10 /* DetailsViewController.swift in Sources */ = {isa = PBXBuildFile; fileRef = 7F98D60E289024FD004F0F10 /* DetailsViewController.swift */; };
		7FCE13C228901FFB00C444A8 /* AppDelegate.swift in Sources */ = {isa = PBXBuildFile; fileRef = 7FCE13C128901FFB00C444A8 /* AppDelegate.swift */; };
		7FCE13C428901FFB00C444A8 /* SceneDelegate.swift in Sources */ = {isa = PBXBuildFile; fileRef = 7FCE13C328901FFB00C444A8 /* SceneDelegate.swift */; };
		7FCE13C628901FFB00C444A8 /* ViewController.swift in Sources */ = {isa = PBXBuildFile; fileRef = 7FCE13C528901FFB00C444A8 /* ViewController.swift */; };
		7FCE13C928901FFB00C444A8 /* Main.storyboard in Resources */ = {isa = PBXBuildFile; fileRef = 7FCE13C728901FFB00C444A8 /* Main.storyboard */; };
		7FCE13CC28901FFB00C444A8 /* AlisverisListesi.xcdatamodeld in Sources */ = {isa = PBXBuildFile; fileRef = 7FCE13CA28901FFB00C444A8 /* AlisverisListesi.xcdatamodeld */; };
		7FCE13CE28901FFE00C444A8 /* Assets.xcassets in Resources */ = {isa = PBXBuildFile; fileRef = 7FCE13CD28901FFE00C444A8 /* Assets.xcassets */; };
		7FCE13D128901FFE00C444A8 /* LaunchScreen.storyboard in Resources */ = {isa = PBXBuildFile; fileRef = 7FCE13CF28901FFE00C444A8 /* LaunchScreen.storyboard */; };
/* End PBXBuildFile section */

/* Begin PBXFileReference section */
		7F98D60E289024FD004F0F10 /* DetailsViewController.swift */ = {isa = PBXFileReference; lastKnownFileType = sourcecode.swift; path = DetailsViewController.swift; sourceTree = "<group>"; };
		7FCE13BE28901FFB00C444A8 /* AlisverisListesi.app */ = {isa = PBXFileReference; explicitFileType = wrapper.application; includeInIndex = 0; path = AlisverisListesi.app; sourceTree = BUILT_PRODUCTS_DIR; };
		7FCE13C128901FFB00C444A8 /* AppDelegate.swift */ = {isa = PBXFileReference; lastKnownFileType = sourcecode.swift; path = AppDelegate.swift; sourceTree = "<group>"; };
		7FCE13C328901FFB00C444A8 /* SceneDelegate.swift */ = {isa = PBXFileReference; lastKnownFileType = sourcecode.swift; path = SceneDelegate.swift; sourceTree = "<group>"; };
		7FCE13C528901FFB00C444A8 /* ViewController.swift */ = {isa = PBXFileReference; lastKnownFileType = sourcecode.swift; path = ViewController.swift; sourceTree = "<group>"; };
		7FCE13C828901FFB00C444A8 /* Base */ = {isa = PBXFileReference; lastKnownFileType = file.storyboard; name = Base; path = Base.lproj/Main.storyboard; sourceTree = "<group>"; };
		7FCE13CB28901FFB00C444A8 /* AlisverisListesi.xcdatamodel */ = {isa = PBXFileReference; lastKnownFileType = wrapper.xcdatamodel; path = AlisverisListesi.xcdatamodel; sourceTree = "<group>"; };
		7FCE13CD28901FFE00C444A8 /* Assets.xcassets */ = {isa = PBXFileReference; lastKnownFileType = folder.assetcatalog; path = Assets.xcassets; sourceTree = "<group>"; };
		7FCE13D028901FFE00C444A8 /* Base */ = {isa = PBXFileReference; lastKnownFileType = file.storyboard; name = Base; path = Base.lproj/LaunchScreen.storyboard; sourceTree = "<group>"; };
		7FCE13D228901FFE00C444A8 /* Info.plist */ = {isa = PBXFileReference; lastKnownFileType = text.plist.xml; path = Info.plist; sourceTree = "<group>"; };
/* End PBXFileReference section */

/* Begin PBXFrameworksBuildPhase section */
		7FCE13BB28901FFB00C444A8 /* Frameworks */ = {
			isa = PBXFrameworksBuildPhase;
			buildActionMask = 2147483647;
			files = (
			);
			runOnlyForDeploymentPostprocessing = 0;
		};
/* End PBXFrameworksBuildPhase section */

/* Begin PBXGroup section */
		7FCE13B528901FFB00C444A8 = {
			isa = PBXGroup;
			children = (
				7FCE13C028901FFB00C444A8 /* AlisverisListesi */,
				7FCE13BF28901FFB00C444A8 /* Products */,
			);
			sourceTree = "<group>";
		};
		7FCE13BF28901FFB00C444A8 /* Products */ = {
			isa = PBXGroup;
			children = (
				7FCE13BE28901FFB00C444A8 /* AlisverisListesi.app */,
			);
			name = Products;
			sourceTree = "<group>";
		};
		7FCE13C028901FFB00C444A8 /* AlisverisListesi */ = {
			isa = PBXGroup;
			children = (
				7FCE13C128901FFB00C444A8 /* AppDelegate.swift */,
				7FCE13C328901FFB00C444A8 /* SceneDelegate.swift */,
				7FCE13C528901FFB00C444A8 /* ViewController.swift */,
				7F98D60E289024FD004F0F10 /* DetailsViewController.swift */,
				7FCE13C728901FFB00C444A8 /* Main.storyboard */,
				7FCE13CD28901FFE00C444A8 /* Assets.xcassets */,
				7FCE13CF28901FFE00C444A8 /* LaunchScreen.storyboard */,
				7FCE13D228901FFE00C444A8 /* Info.plist */,
				7FCE13CA28901FFB00C444A8 /* AlisverisListesi.xcdatamodeld */,
			);
			path = AlisverisListesi;
			sourceTree = "<group>";
		};
/* End PBXGroup section */

/* Begin PBXNativeTarget section */
		7FCE13BD28901FFB00C444A8 /* AlisverisListesi */ = {
			isa = PBXNativeTarget;
			buildConfigurationList = 7FCE13D528901FFE00C444A8 /* Build configuration list for PBXNativeTarget "AlisverisListesi" */;
			buildPhases = (
				7FCE13BA28901FFB00C444A8 /* Sources */,
				7FCE13BB28901FFB00C444A8 /* Frameworks */,
				7FCE13BC28901FFB00C444A8 /* Resources */,
			);
			buildRules = (
			);
			dependencies = (
			);
			name = AlisverisListesi;
			productName = AlisverisListesi;
			productReference = 7FCE13BE28901FFB00C444A8 /* AlisverisListesi.app */;
			productType = "com.apple.product-type.application";
		};
/* End PBXNativeTarget section */

/* Begin PBXProject section */
		7FCE13B628901FFB00C444A8 /* Project object */ = {
			isa = PBXProject;
			attributes = {
				BuildIndependentTargetsInParallel = 1;
				LastSwiftUpdateCheck = 1340;
				LastUpgradeCheck = 1340;
				TargetAttributes = {
					7FCE13BD28901FFB00C444A8 = {
						CreatedOnToolsVersion = 13.4.1;
					};
				};
			};
			buildConfigurationList = 7FCE13B928901FFB00C444A8 /* Build configuration list for PBXProject "AlisverisListesi" */;
			compatibilityVersion = "Xcode 13.0";
			developmentRegion = en;
			hasScannedForEncodings = 0;
			knownRegions = (
				en,
				Base,
			);
			mainGroup = 7FCE13B528901FFB00C444A8;
			productRefGroup = 7FCE13BF28901FFB00C444A8 /* Products */;
			projectDirPath = "";
			projectRoot = "";
			targets = (
				7FCE13BD28901FFB00C444A8 /* AlisverisListesi */,
			);
		};
/* End PBXProject section */

/* Begin PBXResourcesBuildPhase section */
		7FCE13BC28901FFB00C444A8 /* Resources */ = {
			isa = PBXResourcesBuildPhase;
			buildActionMask = 2147483647;
			files = (
				7FCE13D128901FFE00C444A8 /* LaunchScreen.storyboard in Resources */,
				7FCE13CE28901FFE00C444A8 /* Assets.xcassets in Resources */,
				7FCE13C928901FFB00C444A8 /* Main.storyboard in Resources */,
			);
			runOnlyForDeploymentPostprocessing = 0;
		};
/* End PBXResourcesBuildPhase section */

/* Begin PBXSourcesBuildPhase section */
		7FCE13BA28901FFB00C444A8 /* Sources */ = {
			isa = PBXSourcesBuildPhase;
			buildActionMask = 2147483647;
			files = (
				7FCE13CC28901FFB00C444A8 /* AlisverisListesi.xcdatamodeld in Sources */,
				7FCE13C628901FFB00C444A8 /* ViewController.swift in Sources */,
				7FCE13C228901FFB00C444A8 /* AppDelegate.swift in Sources */,
				7FCE13C428901FFB00C444A8 /* SceneDelegate.swift in Sources */,
				7F98D60F289024FD004F0F10 /* DetailsViewController.swift in Sources */,
			);
			runOnlyForDeploymentPostprocessing = 0;
		};
/* End PBXSourcesBuildPhase section */

/* Begin PBXVariantGroup section */
		7FCE13C728901FFB00C444A8 /* Main.storyboard */ = {
			isa = PBXVariantGroup;
			children = (
				7FCE13C828901FFB00C444A8 /* Base */,
			);
			name = Main.storyboard;
			sourceTree = "<group>";
		};
		7FCE13CF28901FFE00C444A8 /* LaunchScreen.storyboard */ = {
			isa = PBXVariantGroup;
			children = (
				7FCE13D028901FFE00C444A8 /* Base */,
			);
			name = LaunchScreen.storyboard;
			sourceTree = "<group>";
		};
/* End PBXVariantGroup section */

/* Begin XCBuildConfiguration section */
		7FCE13D328901FFE00C444A8 /* Debug */ = {
			isa = XCBuildConfiguration;
			buildSettings = {
				ALWAYS_SEARCH_USER_PATHS = NO;
				CLANG_ANALYZER_NONNULL = YES;
				CLANG_ANALYZER_NUMBER_OBJECT_CONVERSION = YES_AGGRESSIVE;
				CLANG_CXX_LANGUAGE_STANDARD = "gnu++17";
				CLANG_ENABLE_MODULES = YES;
				CLANG_ENABLE_OBJC_ARC = YES;
				CLANG_ENABLE_OBJC_WEAK = YES;
				CLANG_WARN_BLOCK_CAPTURE_AUTORELEASING = YES;
				CLANG_WARN_BOOL_CONVERSION = YES;
				CLANG_WARN_COMMA = YES;
				CLANG_WARN_CONSTANT_CONVERSION = YES;
				CLANG_WARN_DEPRECATED_OBJC_IMPLEMENTATIONS = YES;
				CLANG_WARN_DIRECT_OBJC_ISA_USAGE = YES_ERROR;
				CLANG_WARN_DOCUMENTATION_COMMENTS = YES;
				CLANG_WARN_EMPTY_BODY = YES;
				CLANG_WARN_ENUM_CONVERSION = YES;
				CLANG_WARN_INFINITE_RECURSION = YES;
				CLANG_WARN_INT_CONVERSION = YES;
				CLANG_WARN_NON_LITERAL_NULL_CONVERSION = YES;
				CLANG_WARN_OBJC_IMPLICIT_RETAIN_SELF = YES;
				CLANG_WARN_OBJC_LITERAL_CONVERSION = YES;
				CLANG_WARN_OBJC_ROOT_CLASS = YES_ERROR;
				CLANG_WARN_QUOTED_INCLUDE_IN_FRAMEWORK_HEADER = YES;
				CLANG_WARN_RANGE_LOOP_ANALYSIS = YES;
				CLANG_WARN_STRICT_PROTOTYPES = YES;
				CLANG_WARN_SUSPICIOUS_MOVE = YES;
				CLANG_WARN_UNGUARDED_AVAILABILITY = YES_AGGRESSIVE;
				CLANG_WARN_UNREACHABLE_CODE = YES;
				CLANG_WARN__DUPLICATE_METHOD_MATCH = YES;
				COPY_PHASE_STRIP = NO;
				DEBUG_INFORMATION_FORMAT = dwarf;
				ENABLE_STRICT_OBJC_MSGSEND = YES;
				ENABLE_TESTABILITY = YES;
				GCC_C_LANGUAGE_STANDARD = gnu11;
				GCC_DYNAMIC_NO_PIC = NO;
				GCC_NO_COMMON_BLOCKS = YES;
				GCC_OPTIMIZATION_LEVEL = 0;
				GCC_PREPROCESSOR_DEFINITIONS = (
					"DEBUG=1",
					"$(inherited)",
				);
				GCC_WARN_64_TO_32_BIT_CONVERSION = YES;
				GCC_WARN_ABOUT_RETURN_TYPE = YES_ERROR;
				GCC_WARN_UNDECLARED_SELECTOR = YES;
				GCC_WARN_UNINITIALIZED_AUTOS = YES_AGGRESSIVE;
				GCC_WARN_UNUSED_FUNCTION = YES;
				GCC_WARN_UNUSED_VARIABLE = YES;
				IPHONEOS_DEPLOYMENT_TARGET = 15.5;
				MTL_ENABLE_DEBUG_INFO = INCLUDE_SOURCE;
				MTL_FAST_MATH = YES;
				ONLY_ACTIVE_ARCH = YES;
				SDKROOT = iphoneos;
				SWIFT_ACTIVE_COMPILATION_CONDITIONS = DEBUG;
				SWIFT_OPTIMIZATION_LEVEL = "-Onone";
			};
			name = Debug;
		};
		7FCE13D428901FFE00C444A8 /* Release */ = {
			isa = XCBuildConfiguration;
			buildSettings = {
				ALWAYS_SEARCH_USER_PATHS = NO;
				CLANG_ANALYZER_NONNULL = YES;
				CLANG_ANALYZER_NUMBER_OBJECT_CONVERSION = YES_AGGRESSIVE;
				CLANG_CXX_LANGUAGE_STANDARD = "gnu++17";
				CLANG_ENABLE_MODULES = YES;
				CLANG_ENABLE_OBJC_ARC = YES;
				CLANG_ENABLE_OBJC_WEAK = YES;
				CLANG_WARN_BLOCK_CAPTURE_AUTORELEASING = YES;
				CLANG_WARN_BOOL_CONVERSION = YES;
				CLANG_WARN_COMMA = YES;
				CLANG_WARN_CONSTANT_CONVERSION = YES;
				CLANG_WARN_DEPRECATED_OBJC_IMPLEMENTATIONS = YES;
				CLANG_WARN_DIRECT_OBJC_ISA_USAGE = YES_ERROR;
				CLANG_WARN_DOCUMENTATION_COMMENTS = YES;
				CLANG_WARN_EMPTY_BODY = YES;
				CLANG_WARN_ENUM_CONVERSION = YES;
				CLANG_WARN_INFINITE_RECURSION = YES;
				CLANG_WARN_INT_CONVERSION = YES;
				CLANG_WARN_NON_LITERAL_NULL_CONVERSION = YES;
				CLANG_WARN_OBJC_IMPLICIT_RETAIN_SELF = YES;
				CLANG_WARN_OBJC_LITERAL_CONVERSION = YES;
				CLANG_WARN_OBJC_ROOT_CLASS = YES_ERROR;
				CLANG_WARN_QUOTED_INCLUDE_IN_FRAMEWORK_HEADER = YES;
				CLANG_WARN_RANGE_LOOP_ANALYSIS = YES;
				CLANG_WARN_STRICT_PROTOTYPES = YES;
				CLANG_WARN_SUSPICIOUS_MOVE = YES;
				CLANG_WARN_UNGUARDED_AVAILABILITY = YES_AGGRESSIVE;
				CLANG_WARN_UNREACHABLE_CODE = YES;
				CLANG_WARN__DUPLICATE_METHOD_MATCH = YES;
				COPY_PHASE_STRIP = NO;
				DEBUG_INFORMATION_FORMAT = "dwarf-with-dsym";
				ENABLE_NS_ASSERTIONS = NO;
				ENABLE_STRICT_OBJC_MSGSEND = YES;
				GCC_C_LANGUAGE_STANDARD = gnu11;
				GCC_NO_COMMON_BLOCKS = YES;
				GCC_WARN_64_TO_32_BIT_CONVERSION = YES;
				GCC_WARN_ABOUT_RETURN_TYPE = YES_ERROR;
				GCC_WARN_UNDECLARED_SELECTOR = YES;
				GCC_WARN_UNINITIALIZED_AUTOS = YES_AGGRESSIVE;
				GCC_WARN_UNUSED_FUNCTION = YES;
				GCC_WARN_UNUSED_VARIABLE = YES;
				IPHONEOS_DEPLOYMENT_TARGET = 15.5;
				MTL_ENABLE_DEBUG_INFO = NO;
				MTL_FAST_MATH = YES;
				SDKROOT = iphoneos;
				SWIFT_COMPILATION_MODE = wholemodule;
				SWIFT_OPTIMIZATION_LEVEL = "-O";
				VALIDATE_PRODUCT = YES;
			};
			name = Release;
		};
		7FCE13D628901FFE00C444A8 /* Debug */ = {
			isa = XCBuildConfiguration;
			buildSettings = {
				ASSETCATALOG_COMPILER_APPICON_NAME = AppIcon;
				ASSETCATALOG_COMPILER_GLOBAL_ACCENT_COLOR_NAME = AccentColor;
				CODE_SIGN_STYLE = Automatic;
				CURRENT_PROJECT_VERSION = 1;
				GENERATE_INFOPLIST_FILE = YES;
				INFOPLIST_FILE = AlisverisListesi/Info.plist;
				INFOPLIST_KEY_UIApplicationSupportsIndirectInputEvents = YES;
				INFOPLIST_KEY_UILaunchStoryboardName = LaunchScreen;
				INFOPLIST_KEY_UIMainStoryboardFile = Main;
				INFOPLIST_KEY_UISupportedInterfaceOrientations_iPad = "UIInterfaceOrientationPortrait UIInterfaceOrientationPortraitUpsideDown UIInterfaceOrientationLandscapeLeft UIInterfaceOrientationLandscapeRight";
				INFOPLIST_KEY_UISupportedInterfaceOrientations_iPhone = "UIInterfaceOrientationPortrait UIInterfaceOrientationLandscapeLeft UIInterfaceOrientationLandscapeRight";
				LD_RUNPATH_SEARCH_PATHS = (
					"$(inherited)",
					"@executable_path/Frameworks",
				);
				MARKETING_VERSION = 1.0;
				PRODUCT_BUNDLE_IDENTIFIER = com.appleking.AlisverisListesi;
				PRODUCT_NAME = "$(TARGET_NAME)";
				SWIFT_EMIT_LOC_STRINGS = YES;
				SWIFT_VERSION = 5.0;
				TARGETED_DEVICE_FAMILY = "1,2";
			};
			name = Debug;
		};
		7FCE13D728901FFE00C444A8 /* Release */ = {
			isa = XCBuildConfiguration;
			buildSettings = {
				ASSETCATALOG_COMPILER_APPICON_NAME = AppIcon;
				ASSETCATALOG_COMPILER_GLOBAL_ACCENT_COLOR_NAME = AccentColor;
				CODE_SIGN_STYLE = Automatic;
				CURRENT_PROJECT_VERSION = 1;
				GENERATE_INFOPLIST_FILE = YES;
				INFOPLIST_FILE = AlisverisListesi/Info.plist;
				INFOPLIST_KEY_UIApplicationSupportsIndirectInputEvents = YES;
				INFOPLIST_KEY_UILaunchStoryboardName = LaunchScreen;
				INFOPLIST_KEY_UIMainStoryboardFile = Main;
				INFOPLIST_KEY_UISupportedInterfaceOrientations_iPad = "UIInterfaceOrientationPortrait UIInterfaceOrientationPortraitUpsideDown UIInterfaceOrientationLandscapeLeft UIInterfaceOrientationLandscapeRight";
				INFOPLIST_KEY_UISupportedInterfaceOrientations_iPhone = "UIInterfaceOrientationPortrait UIInterfaceOrientationLandscapeLeft UIInterfaceOrientationLandscapeRight";
				LD_RUNPATH_SEARCH_PATHS = (
					"$(inherited)",
					"@executable_path/Frameworks",
				);
				MARKETING_VERSION = 1.0;
				PRODUCT_BUNDLE_IDENTIFIER = com.appleking.AlisverisListesi;
				PRODUCT_NAME = "$(TARGET_NAME)";
				SWIFT_EMIT_LOC_STRINGS = YES;
				SWIFT_VERSION = 5.0;
				TARGETED_DEVICE_FAMILY = "1,2";
			};
			name = Release;
		};
/* End XCBuildConfiguration section */

/* Begin XCConfigurationList section */
		7FCE13B928901FFB00C444A8 /* Build configuration list for PBXProject "AlisverisListesi" */ = {
			isa = XCConfigurationList;
			buildConfigurations = (
				7FCE13D328901FFE00C444A8 /* Debug */,
				7FCE13D428901FFE00C444A8 /* Release */,
			);
			defaultConfigurationIsVisible = 0;
			defaultConfigurationName = Release;
		};
		7FCE13D528901FFE00C444A8 /* Build configuration list for PBXNativeTarget "AlisverisListesi" */ = {
			isa = XCConfigurationList;
			buildConfigurations = (
				7FCE13D628901FFE00C444A8 /* Debug */,
				7FCE13D728901FFE00C444A8 /* Release */,
			);
			defaultConfigurationIsVisible = 0;
			defaultConfigurationName = Release;
		};
/* End XCConfigurationList section */

/* Begin XCVersionGroup section */
		7FCE13CA28901FFB00C444A8 /* AlisverisListesi.xcdatamodeld */ = {
			isa = XCVersionGroup;
			children = (
				7FCE13CB28901FFB00C444A8 /* AlisverisListesi.xcdatamodel */,
			);
			currentVersion = 7FCE13CB28901FFB00C444A8 /* AlisverisListesi.xcdatamodel */;
			path = AlisverisListesi.xcdatamodeld;
			sourceTree = "<group>";
			versionGroupType = wrapper.xcdatamodel;
		};
/* End XCVersionGroup section */
	};
	rootObject = 7FCE13B628901FFB00C444A8 /* Project object */;
}
